dependencies:
  '@masx200/fetch-baidu-pan-files-api': registry.npmjs.org/@masx200/fetch-baidu-pan-files-api/2.0.1
  '@masx200/mongodb-file-find-md5-repeat': registry.npmjs.org/@masx200/mongodb-file-find-md5-repeat/1.2.1
  '@types/fs-extra': registry.npmjs.org/@types/fs-extra/9.0.1
  '@types/mongodb': registry.npmjs.org/@types/mongodb/3.5.27
  '@types/node': registry.npmjs.org/@types/node/14.11.2
  '@types/prettier': registry.npmjs.org/@types/prettier/2.1.1
  fs-extra: registry.npmjs.org/fs-extra/9.0.1
devDependencies:
  mongodb: registry.npmjs.org/mongodb/3.6.2
  prettier: registry.npmjs.org/prettier/2.1.2
  tslib: registry.npmjs.org/tslib/2.0.1
  typescript: registry.npmjs.org/typescript/4.0.3
lockfileVersion: 5.1
packages:
  registry.npmjs.org/@masx200/async-task-current-limiter/1.0.9:
    dependencies:
      '@masx200/event-emitter-target': registry.npmjs.org/@masx200/event-emitter-target/1.1.7
    dev: false
    name: '@masx200/async-task-current-limiter'
    resolution:
      integrity: sha512-+JSTzadMW49wbzRIPzJS5BzEypt5Hy8CIbatYwpk1Gp8AbGxvwKoj1XgA//P2bEEodmFZGVCpgb3eXJl9SOVfA==
      registry: 'https://registry.npmjs.com/'
      tarball: 'https://registry.npmjs.org/@masx200/async-task-current-limiter/-/async-task-current-limiter-1.0.9.tgz'
    version: 1.0.9
  registry.npmjs.org/@masx200/event-emitter-target/1.1.7:
    dev: false
    name: '@masx200/event-emitter-target'
    resolution:
      integrity: sha512-7MPOvpJxXOaX5QMRFn+oTrVg/vvff2fyOSAzGxHOf/sIZBnSLdaupJJPn2him/hkAzFmiCPK58uMP7f6iRLiIA==
      registry: 'https://registry.npmjs.com/'
      tarball: 'https://registry.npmjs.org/@masx200/event-emitter-target/-/event-emitter-target-1.1.7.tgz'
    version: 1.1.7
  registry.npmjs.org/@masx200/fetch-baidu-pan-files-api/2.0.1:
    dependencies:
      '@masx200/async-task-current-limiter': registry.npmjs.org/@masx200/async-task-current-limiter/1.0.9
      '@masx200/mini-cli-args-parser': registry.npmjs.org/@masx200/mini-cli-args-parser/1.0.2
      '@types/btoa': registry.npmjs.org/@types/btoa/1.2.3
      '@types/cookie': registry.npmjs.org/@types/cookie/0.4.0
      '@types/fs-extra': registry.npmjs.org/@types/fs-extra/9.0.1
      '@types/mongoose': registry.npmjs.org/@types/mongoose/5.7.36
      '@types/node': registry.npmjs.org/@types/node/14.11.2
      '@types/node-fetch': registry.npmjs.org/@types/node-fetch/2.5.7
      abort-controller: registry.npmjs.org/abort-controller/3.0.0
      btoa: registry.npmjs.org/btoa/1.2.1
      cookie: registry.npmjs.org/cookie/0.4.1
      fs-extra: registry.npmjs.org/fs-extra/9.0.1
      node-fetch: registry.npmjs.org/node-fetch/2.6.1
    dev: false
    hasBin: true
    name: '@masx200/fetch-baidu-pan-files-api'
    resolution:
      integrity: sha512-b1g7+U/ZWheafWnhsSoEHQc/jVB4lpAi5y4eRpUmq1FiR/Td+UwZGe/hIPbVgftyFTlUPgQ7NfBRZ80ja9U4Dg==
      registry: 'https://registry.npmjs.com/'
      tarball: 'https://registry.npmjs.org/@masx200/fetch-baidu-pan-files-api/-/fetch-baidu-pan-files-api-2.0.1.tgz'
    version: 2.0.1
  registry.npmjs.org/@masx200/mini-cli-args-parser/1.0.2:
    dev: false
    name: '@masx200/mini-cli-args-parser'
    resolution:
      integrity: sha512-NC+26pSSQ4c3ShygzXkUCKV1JvjSvHMqOIn3isgoZf8YHxB81Q8YmNy5pLug4FjmPFoOjZ4fsGEyCi9/p8qpzQ==
      registry: 'https://registry.npmjs.com/'
      tarball: 'https://registry.npmjs.org/@masx200/mini-cli-args-parser/-/mini-cli-args-parser-1.0.2.tgz'
    version: 1.0.2
  registry.npmjs.org/@masx200/mongodb-file-find-md5-repeat/1.2.1:
    dependencies:
      '@masx200/mini-cli-args-parser': registry.npmjs.org/@masx200/mini-cli-args-parser/1.0.2
      '@types/fs-extra': registry.npmjs.org/@types/fs-extra/9.0.1
      '@types/mongodb': registry.npmjs.org/@types/mongodb/3.5.27
      '@types/node': registry.npmjs.org/@types/node/14.11.2
      '@types/prettier': registry.npmjs.org/@types/prettier/2.1.1
      fs-extra: registry.npmjs.org/fs-extra/9.0.1
      mongodb: registry.npmjs.org/mongodb/3.6.2
      prettier: registry.npmjs.org/prettier/2.1.2
    dev: false
    name: '@masx200/mongodb-file-find-md5-repeat'
    resolution:
      integrity: sha512-QUqvqTvMI/+ys70ULW8nnv84VXR3kX5Gt4c2/kO1mV6Q6QO78UgG9LYhx58099glgGCHN5boCTIMZKAkFxo11Q==
      registry: 'https://registry.npmjs.com/'
      tarball: 'https://registry.npmjs.org/@masx200/mongodb-file-find-md5-repeat/-/mongodb-file-find-md5-repeat-1.2.1.tgz'
    version: 1.2.1
  registry.npmjs.org/@types/bson/4.0.2:
    dependencies:
      '@types/node': registry.npmjs.org/@types/node/14.11.2
    dev: false
    name: '@types/bson'
    resolution:
      integrity: sha512-+uWmsejEHfmSjyyM/LkrP0orfE2m5Mx9Xel4tXNeqi1ldK5XMQcDsFkBmLDtuyKUbxj2jGDo0H240fbCRJZo7Q==
      registry: 'https://registry.npmjs.com/'
      tarball: 'https://registry.npmjs.org/@types/bson/-/bson-4.0.2.tgz'
    version: 4.0.2
  registry.npmjs.org/@types/btoa/1.2.3:
    dependencies:
      '@types/node': registry.npmjs.org/@types/node/14.11.2
    dev: false
    name: '@types/btoa'
    resolution:
      integrity: sha512-ANNCZICS/ofxhzUl8V1DniBJs+sFQ+Yg5am1ZwVEf/sxoKY/J2+h5Fuw3xUErlZ7eJLdgzukBjZwnsV6+/2Rmg==
      registry: 'https://registry.npmjs.com/'
      tarball: 'https://registry.npmjs.org/@types/btoa/-/btoa-1.2.3.tgz'
    version: 1.2.3
  registry.npmjs.org/@types/cookie/0.4.0:
    dev: false
    name: '@types/cookie'
    resolution:
      integrity: sha512-y7mImlc/rNkvCRmg8gC3/lj87S7pTUIJ6QGjwHR9WQJcFs+ZMTOaoPrkdFA/YdbuqVEmEbb5RdhVxMkAcgOnpg==
      registry: 'https://registry.npmjs.com/'
      tarball: 'https://registry.npmjs.org/@types/cookie/-/cookie-0.4.0.tgz'
    version: 0.4.0
  registry.npmjs.org/@types/fs-extra/9.0.1:
    dependencies:
      '@types/node': registry.npmjs.org/@types/node/14.11.2
    dev: false
    name: '@types/fs-extra'
    resolution:
      integrity: sha512-B42Sxuaz09MhC3DDeW5kubRcQ5by4iuVQ0cRRWM2lggLzAa/KVom0Aft/208NgMvNQQZ86s5rVcqDdn/SH0/mg==
      registry: 'https://registry.npmjs.com/'
      tarball: 'https://registry.npmjs.org/@types/fs-extra/-/fs-extra-9.0.1.tgz'
    version: 9.0.1
  registry.npmjs.org/@types/mongodb/3.5.27:
    dependencies:
      '@types/bson': registry.npmjs.org/@types/bson/4.0.2
      '@types/node': registry.npmjs.org/@types/node/14.11.2
    dev: false
    name: '@types/mongodb'
    resolution:
      integrity: sha512-1jxKDgdfJEOO9zp+lv43p8jOqRs02xPrdUTzAZIVK9tVEySfCEmktL2jEu9A3wOBEOs18yKzpVIKUh8b8ALk3w==
      registry: 'https://registry.npmjs.com/'
      tarball: 'https://registry.npmjs.org/@types/mongodb/-/mongodb-3.5.27.tgz'
    version: 3.5.27
  registry.npmjs.org/@types/mongoose/5.7.36:
    dependencies:
      '@types/mongodb': registry.npmjs.org/@types/mongodb/3.5.27
      '@types/node': registry.npmjs.org/@types/node/14.11.2
    dev: false
    name: '@types/mongoose'
    resolution:
      integrity: sha512-ggFXgvkHgCNlT35B9d/heDYfSqOSwTmQjkRoR32sObGV5Xjd0N0WWuYlLzqeCg94j4hYN/OZxZ1VNNLltX/IVQ==
      registry: 'https://registry.npmjs.com/'
      tarball: 'https://registry.npmjs.org/@types/mongoose/-/mongoose-5.7.36.tgz'
    version: 5.7.36
  registry.npmjs.org/@types/node-fetch/2.5.7:
    dependencies:
      '@types/node': registry.npmjs.org/@types/node/14.11.2
      form-data: registry.npmjs.org/form-data/3.0.0
    dev: false
    name: '@types/node-fetch'
    resolution:
      integrity: sha512-o2WVNf5UhWRkxlf6eq+jMZDu7kjgpgJfl4xVNlvryc95O/6F2ld8ztKX+qu+Rjyet93WAWm5LjeX9H5FGkODvw==
      registry: 'https://registry.npmjs.com/'
      tarball: 'https://registry.npmjs.org/@types/node-fetch/-/node-fetch-2.5.7.tgz'
    version: 2.5.7
  registry.npmjs.org/@types/node/14.11.2:
    dev: false
    name: '@types/node'
    resolution:
      integrity: sha512-jiE3QIxJ8JLNcb1Ps6rDbysDhN4xa8DJJvuC9prr6w+1tIh+QAbYyNF3tyiZNLDBIuBCf4KEcV2UvQm/V60xfA==
      registry: 'https://registry.npmjs.com/'
      tarball: 'https://registry.npmjs.org/@types/node/-/node-14.11.2.tgz'
    version: 14.11.2
  registry.npmjs.org/@types/prettier/2.1.1:
    dev: false
    name: '@types/prettier'
    resolution:
      integrity: sha512-2zs+O+UkDsJ1Vcp667pd3f8xearMdopz/z54i99wtRDI5KLmngk7vlrYZD0ZjKHaROR03EznlBbVY9PfAEyJIQ==
      registry: 'https://registry.npmjs.com/'
      tarball: 'https://registry.npmjs.org/@types/prettier/-/prettier-2.1.1.tgz'
    version: 2.1.1
  registry.npmjs.org/abort-controller/3.0.0:
    dependencies:
      event-target-shim: registry.npmjs.org/event-target-shim/5.0.1
    dev: false
    engines:
      node: '>=6.5'
    name: abort-controller
    resolution:
      integrity: sha512-h8lQ8tacZYnR3vNQTgibj+tODHI5/+l06Au2Pcriv/Gmet0eaj4TwWH41sO9wnHDiQsEj19q0drzdWdeAHtweg==
      registry: 'https://registry.npmjs.com/'
      tarball: 'https://registry.npmjs.org/abort-controller/-/abort-controller-3.0.0.tgz'
    version: 3.0.0
  registry.npmjs.org/asynckit/0.4.0:
    dev: false
    name: asynckit
    resolution:
      integrity: sha1-x57Zf380y48robyXkLzDZkdLS3k=
      registry: 'https://registry.npmjs.com/'
      tarball: 'https://registry.npmjs.org/asynckit/-/asynckit-0.4.0.tgz'
    version: 0.4.0
  registry.npmjs.org/at-least-node/1.0.0:
    dev: false
    engines:
      node: '>= 4.0.0'
    name: at-least-node
    resolution:
      integrity: sha512-+q/t7Ekv1EDY2l6Gda6LLiX14rU9TV20Wa3ofeQmwPFZbOMo9DXrLbOjFaaclkXKWidIaopwAObQDqwWtGUjqg==
      registry: 'https://registry.npmjs.com/'
      tarball: 'https://registry.npmjs.org/at-least-node/-/at-least-node-1.0.0.tgz'
    version: 1.0.0
  registry.npmjs.org/bl/2.2.1:
    dependencies:
      readable-stream: registry.npmjs.org/readable-stream/2.3.7
      safe-buffer: registry.npmjs.org/safe-buffer/5.2.1
    name: bl
    resolution:
      integrity: sha512-6Pesp1w0DEX1N550i/uGV/TqucVL4AM/pgThFSN/Qq9si1/DF9aIHs1BxD8V/QU0HoeHO6cQRTAuYnLPKq1e4g==
      registry: 'https://registry.npmjs.com/'
      tarball: 'https://registry.npmjs.org/bl/-/bl-2.2.1.tgz'
    version: 2.2.1
  registry.npmjs.org/bson/1.1.5:
    engines:
      node: '>=0.6.19'
    name: bson
    resolution:
      integrity: sha512-kDuEzldR21lHciPQAIulLs1LZlCXdLziXI6Mb/TDkwXhb//UORJNPXgcRs2CuO4H0DcMkpfT3/ySsP3unoZjBg==
      registry: 'https://registry.npmjs.com/'
      tarball: 'https://registry.npmjs.org/bson/-/bson-1.1.5.tgz'
    version: 1.1.5
  registry.npmjs.org/btoa/1.2.1:
    dev: false
    engines:
      node: '>= 0.4.0'
    hasBin: true
    name: btoa
    resolution:
      integrity: sha512-SB4/MIGlsiVkMcHmT+pSmIPoNDoHg+7cMzmt3Uxt628MTz2487DKSqK/fuhFBrkuqrYv5UCEnACpF4dTFNKc/g==
      registry: 'https://registry.npmjs.com/'
      tarball: 'https://registry.npmjs.org/btoa/-/btoa-1.2.1.tgz'
    version: 1.2.1
  registry.npmjs.org/combined-stream/1.0.8:
    dependencies:
      delayed-stream: registry.npmjs.org/delayed-stream/1.0.0
    dev: false
    engines:
      node: '>= 0.8'
    name: combined-stream
    resolution:
      integrity: sha512-FQN4MRfuJeHf7cBbBMJFXhKSDq+2kAArBlmRBvcvFE5BB1HZKXtSFASDhdlz9zOYwxh8lDdnvmMOe/+5cdoEdg==
      registry: 'https://registry.npmjs.com/'
      tarball: 'https://registry.npmjs.org/combined-stream/-/combined-stream-1.0.8.tgz'
    version: 1.0.8
  registry.npmjs.org/cookie/0.4.1:
    dev: false
    engines:
      node: '>= 0.6'
    name: cookie
    resolution:
      integrity: sha512-ZwrFkGJxUR3EIoXtO+yVE69Eb7KlixbaeAWfBQB9vVsNn/o+Yw69gBWSSDK825hQNdN+wF8zELf3dFNl/kxkUA==
      registry: 'https://registry.npmjs.com/'
      tarball: 'https://registry.npmjs.org/cookie/-/cookie-0.4.1.tgz'
    version: 0.4.1
  registry.npmjs.org/core-util-is/1.0.2:
    name: core-util-is
    resolution:
      integrity: sha1-tf1UIgqivFq1eqtxQMlAdUUDwac=
      registry: 'https://registry.npmjs.com/'
      tarball: 'https://registry.npmjs.org/core-util-is/-/core-util-is-1.0.2.tgz'
    version: 1.0.2
  registry.npmjs.org/delayed-stream/1.0.0:
    dev: false
    engines:
      node: '>=0.4.0'
    name: delayed-stream
    resolution:
      integrity: sha1-3zrhmayt+31ECqrgsp4icrJOxhk=
      registry: 'https://registry.npmjs.com/'
      tarball: 'https://registry.npmjs.org/delayed-stream/-/delayed-stream-1.0.0.tgz'
    version: 1.0.0
  registry.npmjs.org/denque/1.4.1:
    engines:
      node: '>=0.10'
    name: denque
    resolution:
      integrity: sha512-OfzPuSZKGcgr96rf1oODnfjqBFmr1DVoc/TrItj3Ohe0Ah1C5WX5Baquw/9U9KovnQ88EqmJbD66rKYUQYN1tQ==
      registry: 'https://registry.npmjs.com/'
      tarball: 'https://registry.npmjs.org/denque/-/denque-1.4.1.tgz'
    version: 1.4.1
  registry.npmjs.org/event-target-shim/5.0.1:
    dev: false
    engines:
      node: '>=6'
    name: event-target-shim
    resolution:
      integrity: sha512-i/2XbnSz/uxRCU6+NdVJgKWDTM427+MqYbkQzD321DuCQJUqOuJKIA0IM2+W2xtYHdKOmZ4dR6fExsd4SXL+WQ==
      registry: 'https://registry.npmjs.com/'
      tarball: 'https://registry.npmjs.org/event-target-shim/-/event-target-shim-5.0.1.tgz'
    version: 5.0.1
  registry.npmjs.org/form-data/3.0.0:
    dependencies:
      asynckit: registry.npmjs.org/asynckit/0.4.0
      combined-stream: registry.npmjs.org/combined-stream/1.0.8
      mime-types: registry.npmjs.org/mime-types/2.1.27
    dev: false
    engines:
      node: '>= 6'
    name: form-data
    resolution:
      integrity: sha512-CKMFDglpbMi6PyN+brwB9Q/GOw0eAnsrEZDgcsH5Krhz5Od/haKHAX0NmQfha2zPPz0JpWzA7GJHGSnvCRLWsg==
      registry: 'https://registry.npmjs.com/'
      tarball: 'https://registry.npmjs.org/form-data/-/form-data-3.0.0.tgz'
    version: 3.0.0
  registry.npmjs.org/fs-extra/9.0.1:
    dependencies:
      at-least-node: registry.npmjs.org/at-least-node/1.0.0
      graceful-fs: registry.npmjs.org/graceful-fs/4.2.4
      jsonfile: registry.npmjs.org/jsonfile/6.0.1
      universalify: registry.npmjs.org/universalify/1.0.0
    dev: false
    engines:
      node: '>=10'
    name: fs-extra
    resolution:
      integrity: sha512-h2iAoN838FqAFJY2/qVpzFXy+EBxfVE220PalAqQLDVsFOHLJrZvut5puAbCdNv6WJk+B8ihI+k0c7JK5erwqQ==
      registry: 'https://registry.npmjs.com/'
      tarball: 'https://registry.npmjs.org/fs-extra/-/fs-extra-9.0.1.tgz'
    version: 9.0.1
  registry.npmjs.org/graceful-fs/4.2.4:
    dev: false
    name: graceful-fs
    resolution:
      integrity: sha512-WjKPNJF79dtJAVniUlGGWHYGz2jWxT6VhN/4m1NdkbZ2nOsEF+cI1Edgql5zCRhs/VsQYRvrXctxktVXZUkixw==
      registry: 'https://registry.npmjs.com/'
      tarball: 'https://registry.npmjs.org/graceful-fs/-/graceful-fs-4.2.4.tgz'
    version: 4.2.4
  registry.npmjs.org/inherits/2.0.4:
    name: inherits
    resolution:
      integrity: sha512-k/vGaX4/Yla3WzyMCvTQOXYeIHvqOKtnqBduzTHpzpQZzAskKMhZ2K+EnBiSM9zGSoIFeMpXKxa4dYeZIQqewQ==
      registry: 'https://registry.npmjs.com/'
      tarball: 'https://registry.npmjs.org/inherits/-/inherits-2.0.4.tgz'
    version: 2.0.4
  registry.npmjs.org/isarray/1.0.0:
    name: isarray
    resolution:
      integrity: sha1-u5NdSFgsuhaMBoNJV6VKPgcSTxE=
      registry: 'https://registry.npmjs.com/'
      tarball: 'https://registry.npmjs.org/isarray/-/isarray-1.0.0.tgz'
    version: 1.0.0
  registry.npmjs.org/jsonfile/6.0.1:
    dependencies:
      universalify: registry.npmjs.org/universalify/1.0.0
    dev: false
    name: jsonfile
    optionalDependencies:
      graceful-fs: registry.npmjs.org/graceful-fs/4.2.4
    resolution:
      integrity: sha512-jR2b5v7d2vIOust+w3wtFKZIfpC2pnRmFAhAC/BuweZFQR8qZzxH1OyrQ10HmdVYiXWkYUqPVsz91cG7EL2FBg==
      registry: 'https://registry.npmjs.com/'
      tarball: 'https://registry.npmjs.org/jsonfile/-/jsonfile-6.0.1.tgz'
    version: 6.0.1
  registry.npmjs.org/memory-pager/1.5.0:
    name: memory-pager
    optional: true
    resolution:
      integrity: sha512-ZS4Bp4r/Zoeq6+NLJpP+0Zzm0pR8whtGPf1XExKLJBAczGMnSi3It14OiNCStjQjM6NU1okjQGSxgEZN8eBYKg==
      registry: 'https://registry.npmjs.com/'
      tarball: 'https://registry.npmjs.org/memory-pager/-/memory-pager-1.5.0.tgz'
    version: 1.5.0
  registry.npmjs.org/mime-db/1.44.0:
    dev: false
    engines:
      node: '>= 0.6'
    name: mime-db
    resolution:
      integrity: sha512-/NOTfLrsPBVeH7YtFPgsVWveuL+4SjjYxaQ1xtM1KMFj7HdxlBlxeyNLzhyJVx7r4rZGJAZ/6lkKCitSc/Nmpg==
      registry: 'https://registry.npmjs.com/'
      tarball: 'https://registry.npmjs.org/mime-db/-/mime-db-1.44.0.tgz'
    version: 1.44.0
  registry.npmjs.org/mime-types/2.1.27:
    dependencies:
      mime-db: registry.npmjs.org/mime-db/1.44.0
    dev: false
    engines:
      node: '>= 0.6'
    name: mime-types
    resolution:
      integrity: sha512-JIhqnCasI9yD+SsmkquHBxTSEuZdQX5BuQnS2Vc7puQQQ+8yiP5AY5uWhpdv4YL4VM5c6iliiYWPgJ/nJQLp7w==
      registry: 'https://registry.npmjs.com/'
      tarball: 'https://registry.npmjs.org/mime-types/-/mime-types-2.1.27.tgz'
    version: 2.1.27
  registry.npmjs.org/mongodb/3.6.2:
    dependencies:
      bl: registry.npmjs.org/bl/2.2.1
      bson: registry.npmjs.org/bson/1.1.5
      denque: registry.npmjs.org/denque/1.4.1
      require_optional: registry.npmjs.org/require_optional/1.0.1
      safe-buffer: registry.npmjs.org/safe-buffer/5.2.1
    engines:
      node: '>=4'
    name: mongodb
    optionalDependencies:
      saslprep: registry.npmjs.org/saslprep/1.0.3
    resolution:
      integrity: sha512-sSZOb04w3HcnrrXC82NEh/YGCmBuRgR+C1hZgmmv4L6dBz4BkRse6Y8/q/neXer9i95fKUBbFi4KgeceXmbsOA==
      registry: 'https://registry.npmjs.com/'
      tarball: 'https://registry.npmjs.org/mongodb/-/mongodb-3.6.2.tgz'
    version: 3.6.2
  registry.npmjs.org/node-fetch/2.6.1:
    dev: false
    engines:
      node: 4.x || >=6.0.0
    name: node-fetch
    resolution:
      integrity: sha512-V4aYg89jEoVRxRb2fJdAg8FHvI7cEyYdVAh94HH0UIK8oJxUfkjlDQN9RbMx+bEjP7+ggMiFRprSti032Oipxw==
      registry: 'https://registry.npmjs.com/'
      tarball: 'https://registry.npmjs.org/node-fetch/-/node-fetch-2.6.1.tgz'
    version: 2.6.1
  registry.npmjs.org/prettier/2.1.2:
    engines:
      node: '>=10.13.0'
    hasBin: true
    name: prettier
    resolution:
      integrity: sha512-16c7K+x4qVlJg9rEbXl7HEGmQyZlG4R9AgP+oHKRMsMsuk8s+ATStlf1NpDqyBI1HpVyfjLOeMhH2LvuNvV5Vg==
      registry: 'https://registry.npmjs.com/'
      tarball: 'https://registry.npmjs.org/prettier/-/prettier-2.1.2.tgz'
    version: 2.1.2
  registry.npmjs.org/process-nextick-args/2.0.1:
    name: process-nextick-args
    resolution:
      integrity: sha512-3ouUOpQhtgrbOa17J7+uxOTpITYWaGP7/AhoR3+A+/1e9skrzelGi/dXzEYyvbxubEF6Wn2ypscTKiKJFFn1ag==
      registry: 'https://registry.npmjs.com/'
      tarball: 'https://registry.npmjs.org/process-nextick-args/-/process-nextick-args-2.0.1.tgz'
    version: 2.0.1
  registry.npmjs.org/readable-stream/2.3.7:
    dependencies:
      core-util-is: registry.npmjs.org/core-util-is/1.0.2
      inherits: registry.npmjs.org/inherits/2.0.4
      isarray: registry.npmjs.org/isarray/1.0.0
      process-nextick-args: registry.npmjs.org/process-nextick-args/2.0.1
      safe-buffer: registry.npmjs.org/safe-buffer/5.1.2
      string_decoder: registry.npmjs.org/string_decoder/1.1.1
      util-deprecate: registry.npmjs.org/util-deprecate/1.0.2
    name: readable-stream
    resolution:
      integrity: sha512-Ebho8K4jIbHAxnuxi7o42OrZgF/ZTNcsZj6nRKyUmkhLFq8CHItp/fy6hQZuZmP/n3yZ9VBUbp4zz/mX8hmYPw==
      registry: 'https://registry.npmjs.com/'
      tarball: 'https://registry.npmjs.org/readable-stream/-/readable-stream-2.3.7.tgz'
    version: 2.3.7
  registry.npmjs.org/require_optional/1.0.1:
    dependencies:
      resolve-from: registry.npmjs.org/resolve-from/2.0.0
      semver: registry.npmjs.org/semver/5.7.1
    name: require_optional
    resolution:
      integrity: sha512-qhM/y57enGWHAe3v/NcwML6a3/vfESLe/sGM2dII+gEO0BpKRUkWZow/tyloNqJyN6kXSl3RyyM8Ll5D/sJP8g==
      registry: 'https://registry.npmjs.com/'
      tarball: 'https://registry.npmjs.org/require_optional/-/require_optional-1.0.1.tgz'
    version: 1.0.1
  registry.npmjs.org/resolve-from/2.0.0:
    engines:
      node: '>=0.10.0'
    name: resolve-from
    resolution:
      integrity: sha1-lICrIOlP+h2egKgEx+oUdhGWa1c=
      registry: 'https://registry.npmjs.com/'
      tarball: 'https://registry.npmjs.org/resolve-from/-/resolve-from-2.0.0.tgz'
    version: 2.0.0
  registry.npmjs.org/safe-buffer/5.1.2:
    name: safe-buffer
    resolution:
      integrity: sha512-Gd2UZBJDkXlY7GbJxfsE8/nvKkUEU1G38c1siN6QP6a9PT9MmHB8GnpscSmMJSoF8LOIrt8ud/wPtojys4G6+g==
      registry: 'https://registry.npmjs.com/'
      tarball: 'https://registry.npmjs.org/safe-buffer/-/safe-buffer-5.1.2.tgz'
    version: 5.1.2
  registry.npmjs.org/safe-buffer/5.2.1:
    name: safe-buffer
    resolution:
      integrity: sha512-rp3So07KcdmmKbGvgaNxQSJr7bGVSVk5S9Eq1F+ppbRo70+YeaDxkw5Dd8NPN+GD6bjnYm2VuPuCXmpuYvmCXQ==
      registry: 'https://registry.npmjs.com/'
      tarball: 'https://registry.npmjs.org/safe-buffer/-/safe-buffer-5.2.1.tgz'
    version: 5.2.1
  registry.npmjs.org/saslprep/1.0.3:
    dependencies:
      sparse-bitfield: registry.npmjs.org/sparse-bitfield/3.0.3
    engines:
      node: '>=6'
    name: saslprep
    optional: true
    resolution:
      integrity: sha512-/MY/PEMbk2SuY5sScONwhUDsV2p77Znkb/q3nSVstq/yQzYJOH/Azh29p9oJLsl3LnQwSvZDKagDGBsBwSooag==
      registry: 'https://registry.npmjs.com/'
      tarball: 'https://registry.npmjs.org/saslprep/-/saslprep-1.0.3.tgz'
    version: 1.0.3
  registry.npmjs.org/semver/5.7.1:
    hasBin: true
    name: semver
    resolution:
      integrity: sha512-sauaDf/PZdVgrLTNYHRtpXa1iRiKcaebiKQ1BJdpQlWH2lCvexQdX55snPFyK7QzpudqbCI0qXFfOasHdyNDGQ==
      registry: 'https://registry.npmjs.com/'
      tarball: 'https://registry.npmjs.org/semver/-/semver-5.7.1.tgz'
    version: 5.7.1
  registry.npmjs.org/sparse-bitfield/3.0.3:
    dependencies:
      memory-pager: registry.npmjs.org/memory-pager/1.5.0
    name: sparse-bitfield
    optional: true
    resolution:
      integrity: sha1-/0rm5oZWBWuks+eSqzM004JzyhE=
      registry: 'https://registry.npmjs.com/'
      tarball: 'https://registry.npmjs.org/sparse-bitfield/-/sparse-bitfield-3.0.3.tgz'
    version: 3.0.3
  registry.npmjs.org/string_decoder/1.1.1:
    dependencies:
      safe-buffer: registry.npmjs.org/safe-buffer/5.1.2
    name: string_decoder
    resolution:
      integrity: sha512-n/ShnvDi6FHbbVfviro+WojiFzv+s8MPMHBczVePfUpDJLwoLT0ht1l4YwBCbi8pJAveEEdnkHyPyTP/mzRfwg==
      registry: 'https://registry.npmjs.com/'
      tarball: 'https://registry.npmjs.org/string_decoder/-/string_decoder-1.1.1.tgz'
    version: 1.1.1
  registry.npmjs.org/tslib/2.0.1:
    dev: true
    name: tslib
    resolution:
      integrity: sha512-SgIkNheinmEBgx1IUNirK0TUD4X9yjjBRTqqjggWCU3pUEqIk3/Uwl3yRixYKT6WjQuGiwDv4NomL3wqRCj+CQ==
      registry: 'https://registry.npmjs.com/'
      tarball: 'https://registry.npmjs.org/tslib/-/tslib-2.0.1.tgz'
    version: 2.0.1
  registry.npmjs.org/typescript/4.0.3:
    dev: true
    engines:
      node: '>=4.2.0'
    hasBin: true
    name: typescript
    resolution:
      integrity: sha512-tEu6DGxGgRJPb/mVPIZ48e69xCn2yRmCgYmDugAVwmJ6o+0u1RI18eO7E7WBTLYLaEVVOhwQmcdhQHweux/WPg==
      registry: 'https://registry.npmjs.com/'
      tarball: 'https://registry.npmjs.org/typescript/-/typescript-4.0.3.tgz'
    version: 4.0.3
  registry.npmjs.org/universalify/1.0.0:
    dev: false
    engines:
      node: '>= 10.0.0'
    name: universalify
    resolution:
      integrity: sha512-rb6X1W158d7pRQBg5gkR8uPaSfiids68LTJQYOtEUhoJUWBdaQHsuT/EUduxXYxcrt4r5PJ4fuHW1MHT6p0qug==
      registry: 'https://registry.npmjs.com/'
      tarball: 'https://registry.npmjs.org/universalify/-/universalify-1.0.0.tgz'
    version: 1.0.0
  registry.npmjs.org/util-deprecate/1.0.2:
    name: util-deprecate
    resolution:
      integrity: sha1-RQ1Nyfpw3nMnYvvS1KKJgUGaDM8=
      registry: 'https://registry.npmjs.com/'
      tarball: 'https://registry.npmjs.org/util-deprecate/-/util-deprecate-1.0.2.tgz'
    version: 1.0.2
specifiers:
  '@masx200/fetch-baidu-pan-files-api': ^2.0.1
  '@masx200/mongodb-file-find-md5-repeat': ^1.2.1
  '@types/fs-extra': ^9.0.1
  '@types/mongodb': ^3.5.27
  '@types/node': ^14.11.2
  '@types/prettier': ^2.1.1
  fs-extra: ^9.0.1
  mongodb: ^3.6.2
  prettier: ^2.1.2
  tslib: ^2.0.1
  typescript: ^4.0.3
